
Microsoft Visual Studio Solution File, Format Version 12.00
# Visual Studio Version 17
VisualStudioVersion = 17.6.33829.357
MinimumVisualStudioVersion = 10.0.40219.1
Project("{FAE04EC0-301F-11D3-BF4B-00C04F79EFBC}") = "Prism Medication Management System", "Prism Medication Management System\Prism Medication Management System.csproj", "{900C9D8E-21D2-43A2-8ACE-56EB80118485}"
EndProject
Global
	GlobalSection(SolutionConfigurationPlatforms) = preSolution
		Debug|Any CPU = Debug|Any CPU
		Release|Any CPU = Release|Any CPU
	EndGlobalSection
	GlobalSection(ProjectConfigurationPlatforms) = postSolution
		{900C9D8E-21D2-43A2-8ACE-56EB80118485}.Debug|Any CPU.ActiveCfg = Debug|Any CPU
		{900C9D8E-21D2-43A2-8ACE-56EB80118485}.Debug|Any CPU.Build.0 = Debug|Any CPU
		{900C9D8E-21D2-43A2-8ACE-56EB80118485}.Release|Any CPU.ActiveCfg = Release|Any CPU
		{900C9D8E-21D2-43A2-8ACE-56EB80118485}.Release|Any CPU.Build.0 = Release|Any CPU
	EndGlobalSection
	GlobalSection(SolutionProperties) = preSolution
		HideSolutionNode = FALSE
	EndGlobalSection
	GlobalSection(ExtensibilityGlobals) = postSolution
		SolutionGuid = {7F1AF270-E224-4953-8E77-2AAFB8F940EF}
	EndGlobalSection
EndGlobal
